
Microsoft Visual Studio Solution File, Format Version 12.00
Project("{FAE04EC0-301F-11D3-BF4B-00C04F79EFBC}") = "OnlineLibrary.Presentation", "OnlineLibrary.Presentation\OnlineLibrary.Presentation.csproj", "{6C280EF8-B5C1-431A-A0BE-1D56453B3CD7}"
EndProject
Project("{FAE04EC0-301F-11D3-BF4B-00C04F79EFBC}") = "OnlineLibrary.DAL", "OnlineLibrary.DAL\OnlineLibrary.DAL.csproj", "{C21B6C25-5203-482E-8764-7EF76C531ED0}"
EndProject
Project("{FAE04EC0-301F-11D3-BF4B-00C04F79EFBC}") = "OnlineLibrary.BLL", "OnlineLibrary.BLL\OnlineLibrary.BLL.csproj", "{813EEE62-83BE-4646-BC03-B4EFC6AA4574}"
EndProject
Global
	GlobalSection(SolutionConfigurationPlatforms) = preSolution
		Debug|Any CPU = Debug|Any CPU
		Release|Any CPU = Release|Any CPU
	EndGlobalSection
	GlobalSection(ProjectConfigurationPlatforms) = postSolution
		{6C280EF8-B5C1-431A-A0BE-1D56453B3CD7}.Debug|Any CPU.ActiveCfg = Debug|Any CPU
		{6C280EF8-B5C1-431A-A0BE-1D56453B3CD7}.Debug|Any CPU.Build.0 = Debug|Any CPU
		{6C280EF8-B5C1-431A-A0BE-1D56453B3CD7}.Release|Any CPU.ActiveCfg = Release|Any CPU
		{6C280EF8-B5C1-431A-A0BE-1D56453B3CD7}.Release|Any CPU.Build.0 = Release|Any CPU
		{C21B6C25-5203-482E-8764-7EF76C531ED0}.Debug|Any CPU.ActiveCfg = Debug|Any CPU
		{C21B6C25-5203-482E-8764-7EF76C531ED0}.Debug|Any CPU.Build.0 = Debug|Any CPU
		{C21B6C25-5203-482E-8764-7EF76C531ED0}.Release|Any CPU.ActiveCfg = Release|Any CPU
		{C21B6C25-5203-482E-8764-7EF76C531ED0}.Release|Any CPU.Build.0 = Release|Any CPU
		{813EEE62-83BE-4646-BC03-B4EFC6AA4574}.Debug|Any CPU.ActiveCfg = Debug|Any CPU
		{813EEE62-83BE-4646-BC03-B4EFC6AA4574}.Debug|Any CPU.Build.0 = Debug|Any CPU
		{813EEE62-83BE-4646-BC03-B4EFC6AA4574}.Release|Any CPU.ActiveCfg = Release|Any CPU
		{813EEE62-83BE-4646-BC03-B4EFC6AA4574}.Release|Any CPU.Build.0 = Release|Any CPU
	EndGlobalSection
EndGlobal
